
Microsoft Visual Studio Solution File, Format Version 12.00
# Visual Studio Version 17
VisualStudioVersion = 17.5.33424.131
MinimumVisualStudioVersion = 10.0.40219.1
Project("{FAE04EC0-301F-11D3-BF4B-00C04F79EFBC}") = "AppJogoDaVelha.Android", "AppJogoDaVelha\AppJogoDaVelha.Android\AppJogoDaVelha.Android.csproj", "{8CD908E1-4D10-4C9F-9910-8357D9A6CC16}"
EndProject
Project("{FAE04EC0-301F-11D3-BF4B-00C04F79EFBC}") = "AppJogoDaVelha", "AppJogoDaVelha\AppJogoDaVelha\AppJogoDaVelha.csproj", "{82D1DCFD-1BDA-4BE4-8958-3F843A2F9224}"
EndProject
Global
	GlobalSection(SolutionConfigurationPlatforms) = preSolution
		Debug|Any CPU = Debug|Any CPU
		Release|Any CPU = Release|Any CPU
	EndGlobalSection
	GlobalSection(ProjectConfigurationPlatforms) = postSolution
		{8CD908E1-4D10-4C9F-9910-8357D9A6CC16}.Debug|Any CPU.ActiveCfg = Debug|Any CPU
		{8CD908E1-4D10-4C9F-9910-8357D9A6CC16}.Debug|Any CPU.Build.0 = Debug|Any CPU
		{8CD908E1-4D10-4C9F-9910-8357D9A6CC16}.Debug|Any CPU.Deploy.0 = Debug|Any CPU
		{8CD908E1-4D10-4C9F-9910-8357D9A6CC16}.Release|Any CPU.ActiveCfg = Release|Any CPU
		{8CD908E1-4D10-4C9F-9910-8357D9A6CC16}.Release|Any CPU.Build.0 = Release|Any CPU
		{8CD908E1-4D10-4C9F-9910-8357D9A6CC16}.Release|Any CPU.Deploy.0 = Release|Any CPU
		{82D1DCFD-1BDA-4BE4-8958-3F843A2F9224}.Debug|Any CPU.ActiveCfg = Debug|Any CPU
		{82D1DCFD-1BDA-4BE4-8958-3F843A2F9224}.Debug|Any CPU.Build.0 = Debug|Any CPU
		{82D1DCFD-1BDA-4BE4-8958-3F843A2F9224}.Debug|Any CPU.Deploy.0 = Debug|Any CPU
		{82D1DCFD-1BDA-4BE4-8958-3F843A2F9224}.Release|Any CPU.ActiveCfg = Release|Any CPU
		{82D1DCFD-1BDA-4BE4-8958-3F843A2F9224}.Release|Any CPU.Build.0 = Release|Any CPU
		{82D1DCFD-1BDA-4BE4-8958-3F843A2F9224}.Release|Any CPU.Deploy.0 = Release|Any CPU
	EndGlobalSection
	GlobalSection(SolutionProperties) = preSolution
		HideSolutionNode = FALSE
	EndGlobalSection
	GlobalSection(ExtensibilityGlobals) = postSolution
		SolutionGuid = {5775DE46-01B8-4EE0-AEF6-C23DC12BC3B9}
	EndGlobalSection
EndGlobal
